
Microsoft Visual Studio Solution File, Format Version 12.00
# Visual Studio 2013
VisualStudioVersion = 12.0.21005.1
MinimumVisualStudioVersion = 10.0.40219.1
Project("{FAE04EC0-301F-11D3-BF4B-00C04F79EFBC}") = "BTCeApi", "BTCeApi\BTCeApi.csproj", "{2077BDD7-D516-4B85-BBF2-F6A876A28505}"
EndProject
Project("{FAE04EC0-301F-11D3-BF4B-00C04F79EFBC}") = "SamplesProject", "SamplesProject\SamplesProject.csproj", "{C64E3FF1-9471-4745-9E19-77049B0B999F}"
EndProject
Project("{FAE04EC0-301F-11D3-BF4B-00C04F79EFBC}") = "BtceApi.Services", "BtceApi.Services\BtceApi.Services.csproj", "{C2B258D4-5C6F-41A3-AEC4-E6729FB6A78E}"
EndProject
Project("{FAE04EC0-301F-11D3-BF4B-00C04F79EFBC}") = "BtceApi.Models", "BtceApi.Models\BtceApi.Models.csproj", "{DE0EA331-0839-4416-B57B-AAE4E2EC8FB0}"
EndProject
Global
	GlobalSection(SolutionConfigurationPlatforms) = preSolution
		Debug|Any CPU = Debug|Any CPU
		Release|Any CPU = Release|Any CPU
	EndGlobalSection
	GlobalSection(ProjectConfigurationPlatforms) = postSolution
		{2077BDD7-D516-4B85-BBF2-F6A876A28505}.Debug|Any CPU.ActiveCfg = Debug|Any CPU
		{2077BDD7-D516-4B85-BBF2-F6A876A28505}.Debug|Any CPU.Build.0 = Debug|Any CPU
		{2077BDD7-D516-4B85-BBF2-F6A876A28505}.Release|Any CPU.ActiveCfg = Release|Any CPU
		{2077BDD7-D516-4B85-BBF2-F6A876A28505}.Release|Any CPU.Build.0 = Release|Any CPU
		{C64E3FF1-9471-4745-9E19-77049B0B999F}.Debug|Any CPU.ActiveCfg = Debug|Any CPU
		{C64E3FF1-9471-4745-9E19-77049B0B999F}.Debug|Any CPU.Build.0 = Debug|Any CPU
		{C64E3FF1-9471-4745-9E19-77049B0B999F}.Release|Any CPU.ActiveCfg = Release|Any CPU
		{C64E3FF1-9471-4745-9E19-77049B0B999F}.Release|Any CPU.Build.0 = Release|Any CPU
		{C2B258D4-5C6F-41A3-AEC4-E6729FB6A78E}.Debug|Any CPU.ActiveCfg = Debug|Any CPU
		{C2B258D4-5C6F-41A3-AEC4-E6729FB6A78E}.Debug|Any CPU.Build.0 = Debug|Any CPU
		{C2B258D4-5C6F-41A3-AEC4-E6729FB6A78E}.Release|Any CPU.ActiveCfg = Release|Any CPU
		{C2B258D4-5C6F-41A3-AEC4-E6729FB6A78E}.Release|Any CPU.Build.0 = Release|Any CPU
		{DE0EA331-0839-4416-B57B-AAE4E2EC8FB0}.Debug|Any CPU.ActiveCfg = Debug|Any CPU
		{DE0EA331-0839-4416-B57B-AAE4E2EC8FB0}.Debug|Any CPU.Build.0 = Debug|Any CPU
		{DE0EA331-0839-4416-B57B-AAE4E2EC8FB0}.Release|Any CPU.ActiveCfg = Release|Any CPU
		{DE0EA331-0839-4416-B57B-AAE4E2EC8FB0}.Release|Any CPU.Build.0 = Release|Any CPU
	EndGlobalSection
	GlobalSection(SolutionProperties) = preSolution
		HideSolutionNode = FALSE
	EndGlobalSection
EndGlobal
